
Microsoft Visual Studio Solution File, Format Version 12.00
# Visual Studio Version 17
VisualStudioVersion = 17.1.32210.238
MinimumVisualStudioVersion = 10.0.40219.1
Project("{8BC9CEB8-8B4A-11D0-8D11-00A0C91BC942}") = "QTSDK-master", "QTSDK-masterv22w32.vcxproj", "{99497CB8-E7F8-3278-ACF7-32F481F274AF}"
EndProject
Global
	GlobalSection(SolutionConfigurationPlatforms) = preSolution
		Release_LTCG|Win32 = Release_LTCG|Win32
	EndGlobalSection
	GlobalSection(ProjectConfigurationPlatforms) = postSolution
		{99497CB8-E7F8-3278-ACF7-32F481F274AF}.Release_LTCG|Win32.ActiveCfg = Release_LTCG|Win32
		{99497CB8-E7F8-3278-ACF7-32F481F274AF}.Release_LTCG|Win32.Build.0 = Release_LTCG|Win32
	EndGlobalSection
	GlobalSection(SolutionProperties) = preSolution
		HideSolutionNode = FALSE
	EndGlobalSection
	GlobalSection(ExtensibilityGlobals) = postSolution
		SolutionGuid = {B6FA54F0-2622-4700-BD43-73EB0EBEFE41}
	EndGlobalSection
EndGlobal
